
Microsoft Visual Studio Solution File, Format Version 12.00
# Visual Studio Version 17
VisualStudioVersion = 17.4.33122.133
MinimumVisualStudioVersion = 15.0.26124.0
Project("{2150E333-8FDC-42A3-9474-1A3956D46DE8}") = "src", "src", "{81FDBB19-944C-4A4E-AF40-DFC8C295C184}"
EndProject
Project("{9A19103F-16F7-4668-BE54-9A1E7A4F7556}") = "VsTestRunner.Core", "src\VsTestRunner.Core\VsTestRunner.Core.csproj", "{D9C39937-A8FD-4200-AACF-2D3938E112FE}"
EndProject
Project("{9A19103F-16F7-4668-BE54-9A1E7A4F7556}") = "VsTestRunner", "src\VsTestRunner\VsTestRunner.csproj", "{86355522-735E-4F2C-9C44-5360777410EA}"
EndProject
Project("{9A19103F-16F7-4668-BE54-9A1E7A4F7556}") = "VsTestRunner.Core.Tests", "tests\VsTestRunner.Core.Tests\VsTestRunner.Core.Tests.csproj", "{1156BA48-F3A4-439B-B52A-89AE001CB48B}"
EndProject
Project("{2150E333-8FDC-42A3-9474-1A3956D46DE8}") = "tests", "tests", "{EC1E03D4-7B4F-40A2-BF37-C99BEEF45771}"
EndProject
Project("{2150E333-8FDC-42A3-9474-1A3956D46DE8}") = "Solution Items", "Solution Items", "{A8DC5407-DF08-4489-98CD-3D06A55482AD}"
	ProjectSection(SolutionItems) = preProject
		after.VsTestRunner.sln.targets = after.VsTestRunner.sln.targets
		build.py = build.py
		Directory.Build.props = Directory.Build.props
		Directory.Build.targets = Directory.Build.targets
		Flask.ico = Flask.ico
		flask.png = flask.png
		global.json = global.json
		NonTestProject.targets = NonTestProject.targets
		README.md = README.md
		smoke_test.py = smoke_test.py
		test.py = test.py
		version.json = version.json
	EndProjectSection
EndProject
Project("{9A19103F-16F7-4668-BE54-9A1E7A4F7556}") = "VsTestRunner.Tests", "tests\VsTestRunner.Tests\VsTestRunner.Tests.csproj", "{A825F214-3F3F-46D0-812F-D476F765B443}"
EndProject
Project("{9A19103F-16F7-4668-BE54-9A1E7A4F7556}") = "VsTestRunner.Nuke", "src\VsTestRunner.Nuke\VsTestRunner.Nuke.csproj", "{EA2F695B-EB35-4851-ACFD-4A82A3678926}"
EndProject
Project("{FAE04EC0-301F-11D3-BF4B-00C04F79EFBC}") = "VsxTestRunner.Nuke.Tests", "tests\VsxTestRunner.Nuke.Tests\VsxTestRunner.Nuke.Tests.csproj", "{9FF2DEC0-DC2D-4B53-8B1F-63E916B4DABC}"
EndProject
Global
	GlobalSection(SolutionConfigurationPlatforms) = preSolution
		Debug|Any CPU = Debug|Any CPU
		Debug|x64 = Debug|x64
		Debug|x86 = Debug|x86
		Release|Any CPU = Release|Any CPU
		Release|x64 = Release|x64
		Release|x86 = Release|x86
	EndGlobalSection
	GlobalSection(ProjectConfigurationPlatforms) = postSolution
		{D9C39937-A8FD-4200-AACF-2D3938E112FE}.Debug|Any CPU.ActiveCfg = Debug|Any CPU
		{D9C39937-A8FD-4200-AACF-2D3938E112FE}.Debug|Any CPU.Build.0 = Debug|Any CPU
		{D9C39937-A8FD-4200-AACF-2D3938E112FE}.Debug|x64.ActiveCfg = Debug|Any CPU
		{D9C39937-A8FD-4200-AACF-2D3938E112FE}.Debug|x64.Build.0 = Debug|Any CPU
		{D9C39937-A8FD-4200-AACF-2D3938E112FE}.Debug|x86.ActiveCfg = Debug|Any CPU
		{D9C39937-A8FD-4200-AACF-2D3938E112FE}.Debug|x86.Build.0 = Debug|Any CPU
		{D9C39937-A8FD-4200-AACF-2D3938E112FE}.Release|Any CPU.ActiveCfg = Release|Any CPU
		{D9C39937-A8FD-4200-AACF-2D3938E112FE}.Release|Any CPU.Build.0 = Release|Any CPU
		{D9C39937-A8FD-4200-AACF-2D3938E112FE}.Release|x64.ActiveCfg = Release|Any CPU
		{D9C39937-A8FD-4200-AACF-2D3938E112FE}.Release|x64.Build.0 = Release|Any CPU
		{D9C39937-A8FD-4200-AACF-2D3938E112FE}.Release|x86.ActiveCfg = Release|Any CPU
		{D9C39937-A8FD-4200-AACF-2D3938E112FE}.Release|x86.Build.0 = Release|Any CPU
		{86355522-735E-4F2C-9C44-5360777410EA}.Debug|Any CPU.ActiveCfg = Debug|Any CPU
		{86355522-735E-4F2C-9C44-5360777410EA}.Debug|Any CPU.Build.0 = Debug|Any CPU
		{86355522-735E-4F2C-9C44-5360777410EA}.Debug|x64.ActiveCfg = Debug|Any CPU
		{86355522-735E-4F2C-9C44-5360777410EA}.Debug|x64.Build.0 = Debug|Any CPU
		{86355522-735E-4F2C-9C44-5360777410EA}.Debug|x86.ActiveCfg = Debug|Any CPU
		{86355522-735E-4F2C-9C44-5360777410EA}.Debug|x86.Build.0 = Debug|Any CPU
		{86355522-735E-4F2C-9C44-5360777410EA}.Release|Any CPU.ActiveCfg = Release|Any CPU
		{86355522-735E-4F2C-9C44-5360777410EA}.Release|Any CPU.Build.0 = Release|Any CPU
		{86355522-735E-4F2C-9C44-5360777410EA}.Release|x64.ActiveCfg = Release|Any CPU
		{86355522-735E-4F2C-9C44-5360777410EA}.Release|x64.Build.0 = Release|Any CPU
		{86355522-735E-4F2C-9C44-5360777410EA}.Release|x86.ActiveCfg = Release|Any CPU
		{86355522-735E-4F2C-9C44-5360777410EA}.Release|x86.Build.0 = Release|Any CPU
		{1156BA48-F3A4-439B-B52A-89AE001CB48B}.Debug|Any CPU.ActiveCfg = Debug|Any CPU
		{1156BA48-F3A4-439B-B52A-89AE001CB48B}.Debug|Any CPU.Build.0 = Debug|Any CPU
		{1156BA48-F3A4-439B-B52A-89AE001CB48B}.Debug|x64.ActiveCfg = Debug|Any CPU
		{1156BA48-F3A4-439B-B52A-89AE001CB48B}.Debug|x64.Build.0 = Debug|Any CPU
		{1156BA48-F3A4-439B-B52A-89AE001CB48B}.Debug|x86.ActiveCfg = Debug|Any CPU
		{1156BA48-F3A4-439B-B52A-89AE001CB48B}.Debug|x86.Build.0 = Debug|Any CPU
		{1156BA48-F3A4-439B-B52A-89AE001CB48B}.Release|Any CPU.ActiveCfg = Release|Any CPU
		{1156BA48-F3A4-439B-B52A-89AE001CB48B}.Release|Any CPU.Build.0 = Release|Any CPU
		{1156BA48-F3A4-439B-B52A-89AE001CB48B}.Release|x64.ActiveCfg = Release|Any CPU
		{1156BA48-F3A4-439B-B52A-89AE001CB48B}.Release|x64.Build.0 = Release|Any CPU
		{1156BA48-F3A4-439B-B52A-89AE001CB48B}.Release|x86.ActiveCfg = Release|Any CPU
		{1156BA48-F3A4-439B-B52A-89AE001CB48B}.Release|x86.Build.0 = Release|Any CPU
		{A825F214-3F3F-46D0-812F-D476F765B443}.Debug|Any CPU.ActiveCfg = Debug|Any CPU
		{A825F214-3F3F-46D0-812F-D476F765B443}.Debug|Any CPU.Build.0 = Debug|Any CPU
		{A825F214-3F3F-46D0-812F-D476F765B443}.Debug|x64.ActiveCfg = Debug|Any CPU
		{A825F214-3F3F-46D0-812F-D476F765B443}.Debug|x64.Build.0 = Debug|Any CPU
		{A825F214-3F3F-46D0-812F-D476F765B443}.Debug|x86.ActiveCfg = Debug|Any CPU
		{A825F214-3F3F-46D0-812F-D476F765B443}.Debug|x86.Build.0 = Debug|Any CPU
		{A825F214-3F3F-46D0-812F-D476F765B443}.Release|Any CPU.ActiveCfg = Release|Any CPU
		{A825F214-3F3F-46D0-812F-D476F765B443}.Release|Any CPU.Build.0 = Release|Any CPU
		{A825F214-3F3F-46D0-812F-D476F765B443}.Release|x64.ActiveCfg = Release|Any CPU
		{A825F214-3F3F-46D0-812F-D476F765B443}.Release|x64.Build.0 = Release|Any CPU
		{A825F214-3F3F-46D0-812F-D476F765B443}.Release|x86.ActiveCfg = Release|Any CPU
		{A825F214-3F3F-46D0-812F-D476F765B443}.Release|x86.Build.0 = Release|Any CPU
		{EA2F695B-EB35-4851-ACFD-4A82A3678926}.Debug|Any CPU.ActiveCfg = Debug|Any CPU
		{EA2F695B-EB35-4851-ACFD-4A82A3678926}.Debug|Any CPU.Build.0 = Debug|Any CPU
		{EA2F695B-EB35-4851-ACFD-4A82A3678926}.Debug|x64.ActiveCfg = Debug|Any CPU
		{EA2F695B-EB35-4851-ACFD-4A82A3678926}.Debug|x64.Build.0 = Debug|Any CPU
		{EA2F695B-EB35-4851-ACFD-4A82A3678926}.Debug|x86.ActiveCfg = Debug|Any CPU
		{EA2F695B-EB35-4851-ACFD-4A82A3678926}.Debug|x86.Build.0 = Debug|Any CPU
		{EA2F695B-EB35-4851-ACFD-4A82A3678926}.Release|Any CPU.ActiveCfg = Release|Any CPU
		{EA2F695B-EB35-4851-ACFD-4A82A3678926}.Release|Any CPU.Build.0 = Release|Any CPU
		{EA2F695B-EB35-4851-ACFD-4A82A3678926}.Release|x64.ActiveCfg = Release|Any CPU
		{EA2F695B-EB35-4851-ACFD-4A82A3678926}.Release|x64.Build.0 = Release|Any CPU
		{EA2F695B-EB35-4851-ACFD-4A82A3678926}.Release|x86.ActiveCfg = Release|Any CPU
		{EA2F695B-EB35-4851-ACFD-4A82A3678926}.Release|x86.Build.0 = Release|Any CPU
		{9FF2DEC0-DC2D-4B53-8B1F-63E916B4DABC}.Debug|Any CPU.ActiveCfg = Debug|Any CPU
		{9FF2DEC0-DC2D-4B53-8B1F-63E916B4DABC}.Debug|Any CPU.Build.0 = Debug|Any CPU
		{9FF2DEC0-DC2D-4B53-8B1F-63E916B4DABC}.Debug|x64.ActiveCfg = Debug|Any CPU
		{9FF2DEC0-DC2D-4B53-8B1F-63E916B4DABC}.Debug|x64.Build.0 = Debug|Any CPU
		{9FF2DEC0-DC2D-4B53-8B1F-63E916B4DABC}.Debug|x86.ActiveCfg = Debug|Any CPU
		{9FF2DEC0-DC2D-4B53-8B1F-63E916B4DABC}.Debug|x86.Build.0 = Debug|Any CPU
		{9FF2DEC0-DC2D-4B53-8B1F-63E916B4DABC}.Release|Any CPU.ActiveCfg = Release|Any CPU
		{9FF2DEC0-DC2D-4B53-8B1F-63E916B4DABC}.Release|Any CPU.Build.0 = Release|Any CPU
		{9FF2DEC0-DC2D-4B53-8B1F-63E916B4DABC}.Release|x64.ActiveCfg = Release|Any CPU
		{9FF2DEC0-DC2D-4B53-8B1F-63E916B4DABC}.Release|x64.Build.0 = Release|Any CPU
		{9FF2DEC0-DC2D-4B53-8B1F-63E916B4DABC}.Release|x86.ActiveCfg = Release|Any CPU
		{9FF2DEC0-DC2D-4B53-8B1F-63E916B4DABC}.Release|x86.Build.0 = Release|Any CPU
	EndGlobalSection
	GlobalSection(SolutionProperties) = preSolution
		HideSolutionNode = FALSE
	EndGlobalSection
	GlobalSection(NestedProjects) = preSolution
		{D9C39937-A8FD-4200-AACF-2D3938E112FE} = {81FDBB19-944C-4A4E-AF40-DFC8C295C184}
		{86355522-735E-4F2C-9C44-5360777410EA} = {81FDBB19-944C-4A4E-AF40-DFC8C295C184}
		{1156BA48-F3A4-439B-B52A-89AE001CB48B} = {EC1E03D4-7B4F-40A2-BF37-C99BEEF45771}
		{A825F214-3F3F-46D0-812F-D476F765B443} = {EC1E03D4-7B4F-40A2-BF37-C99BEEF45771}
		{EA2F695B-EB35-4851-ACFD-4A82A3678926} = {81FDBB19-944C-4A4E-AF40-DFC8C295C184}
		{9FF2DEC0-DC2D-4B53-8B1F-63E916B4DABC} = {EC1E03D4-7B4F-40A2-BF37-C99BEEF45771}
	EndGlobalSection
	GlobalSection(ExtensibilityGlobals) = postSolution
		SolutionGuid = {25CFE0D6-FBFA-4D3D-A83B-381213ACAD10}
	EndGlobalSection
EndGlobal
